
Microsoft Visual Studio Solution File, Format Version 12.00
# Visual Studio 15
VisualStudioVersion = 15.0.28010.2048
MinimumVisualStudioVersion = 10.0.40219.1
Project("{FAE04EC0-301F-11D3-BF4B-00C04F79EFBC}") = "WpfApp1", "WpfApp1\WpfApp1.csproj", "{C3BF0EE9-E1BD-45E7-BA31-4CB8D7DA3675}"
EndProject
Global
	GlobalSection(SolutionConfigurationPlatforms) = preSolution
		Debug|Any CPU = Debug|Any CPU
		Release|Any CPU = Release|Any CPU
	EndGlobalSection
	GlobalSection(ProjectConfigurationPlatforms) = postSolution
		{C3BF0EE9-E1BD-45E7-BA31-4CB8D7DA3675}.Debug|Any CPU.ActiveCfg = Debug|Any CPU
		{C3BF0EE9-E1BD-45E7-BA31-4CB8D7DA3675}.Debug|Any CPU.Build.0 = Debug|Any CPU
		{C3BF0EE9-E1BD-45E7-BA31-4CB8D7DA3675}.Release|Any CPU.ActiveCfg = Release|Any CPU
		{C3BF0EE9-E1BD-45E7-BA31-4CB8D7DA3675}.Release|Any CPU.Build.0 = Release|Any CPU
	EndGlobalSection
	GlobalSection(SolutionProperties) = preSolution
		HideSolutionNode = FALSE
	EndGlobalSection
	GlobalSection(ExtensibilityGlobals) = postSolution
		SolutionGuid = {10769DB0-B9A4-4FC5-8E91-13123B7618FE}
	EndGlobalSection
EndGlobal
